
Microsoft Visual Studio Solution File, Format Version 12.00
# Visual Studio Version 16
VisualStudioVersion = 16.0.29324.140
MinimumVisualStudioVersion = 10.0.40219.1
Project("{FAE04EC0-301F-11D3-BF4B-00C04F79EFBC}") = "Microservice.API", "Microservice.API\Microservice.API.csproj", "{71B1CEE3-3F09-4CF8-A068-BCE5C7A365B6}"
EndProject
Project("{FAE04EC0-301F-11D3-BF4B-00C04F79EFBC}") = "Microservice.Business", "Microservice.Business\Microservice.Business.csproj", "{627B9A4D-AC16-4E15-82C9-2A6E126AF145}"
EndProject
Project("{FAE04EC0-301F-11D3-BF4B-00C04F79EFBC}") = "Microservice.Services", "Microservice.Services\Microservice.Services.csproj", "{932D33DF-21CA-469A-B298-72938D749AE1}"
EndProject
Project("{FAE04EC0-301F-11D3-BF4B-00C04F79EFBC}") = "Microservice.Database", "Microservice.Database\Microservice.Database.csproj", "{22AF7672-C135-4877-B04C-574D6A91F3C0}"
EndProject
Project("{FAE04EC0-301F-11D3-BF4B-00C04F79EFBC}") = "Microservice.Test", "Microservice.Test\Microservice.Test.csproj", "{34A93519-2214-4763-87C3-7A27CE71A3A1}"
EndProject
Global
	GlobalSection(SolutionConfigurationPlatforms) = preSolution
		Debug|Any CPU = Debug|Any CPU
		Release|Any CPU = Release|Any CPU
	EndGlobalSection
	GlobalSection(ProjectConfigurationPlatforms) = postSolution
		{71B1CEE3-3F09-4CF8-A068-BCE5C7A365B6}.Debug|Any CPU.ActiveCfg = Debug|Any CPU
		{71B1CEE3-3F09-4CF8-A068-BCE5C7A365B6}.Debug|Any CPU.Build.0 = Debug|Any CPU
		{71B1CEE3-3F09-4CF8-A068-BCE5C7A365B6}.Release|Any CPU.ActiveCfg = Release|Any CPU
		{71B1CEE3-3F09-4CF8-A068-BCE5C7A365B6}.Release|Any CPU.Build.0 = Release|Any CPU
		{627B9A4D-AC16-4E15-82C9-2A6E126AF145}.Debug|Any CPU.ActiveCfg = Debug|Any CPU
		{627B9A4D-AC16-4E15-82C9-2A6E126AF145}.Debug|Any CPU.Build.0 = Debug|Any CPU
		{627B9A4D-AC16-4E15-82C9-2A6E126AF145}.Release|Any CPU.ActiveCfg = Release|Any CPU
		{627B9A4D-AC16-4E15-82C9-2A6E126AF145}.Release|Any CPU.Build.0 = Release|Any CPU
		{932D33DF-21CA-469A-B298-72938D749AE1}.Debug|Any CPU.ActiveCfg = Debug|Any CPU
		{932D33DF-21CA-469A-B298-72938D749AE1}.Debug|Any CPU.Build.0 = Debug|Any CPU
		{932D33DF-21CA-469A-B298-72938D749AE1}.Release|Any CPU.ActiveCfg = Release|Any CPU
		{932D33DF-21CA-469A-B298-72938D749AE1}.Release|Any CPU.Build.0 = Release|Any CPU
		{22AF7672-C135-4877-B04C-574D6A91F3C0}.Debug|Any CPU.ActiveCfg = Debug|Any CPU
		{22AF7672-C135-4877-B04C-574D6A91F3C0}.Debug|Any CPU.Build.0 = Debug|Any CPU
		{22AF7672-C135-4877-B04C-574D6A91F3C0}.Release|Any CPU.ActiveCfg = Release|Any CPU
		{22AF7672-C135-4877-B04C-574D6A91F3C0}.Release|Any CPU.Build.0 = Release|Any CPU
		{34A93519-2214-4763-87C3-7A27CE71A3A1}.Debug|Any CPU.ActiveCfg = Debug|Any CPU
		{34A93519-2214-4763-87C3-7A27CE71A3A1}.Debug|Any CPU.Build.0 = Debug|Any CPU
		{34A93519-2214-4763-87C3-7A27CE71A3A1}.Release|Any CPU.ActiveCfg = Release|Any CPU
		{34A93519-2214-4763-87C3-7A27CE71A3A1}.Release|Any CPU.Build.0 = Release|Any CPU
	EndGlobalSection
	GlobalSection(SolutionProperties) = preSolution
		HideSolutionNode = FALSE
	EndGlobalSection
	GlobalSection(ExtensibilityGlobals) = postSolution
		SolutionGuid = {52EB8328-7379-4FA7-A713-D91505D3716D}
	EndGlobalSection
EndGlobal
